{
  "originHash" : "5e9bf58d848eb454819eb996b24810d51d93feb853da4636e15e65ee1201463e",
  "pins" : [
    {
      "identity" : "swift-syntax",
      "kind" : "remoteSourceControl",
      "location" : "https://github.com/apple/swift-syntax",
      "state" : {
        "revision" : "2b59c0c741e9184ab057fd22950b491076d42e91",
        "version" : "603.0.0"
      }
    }
  ],
  "version" : 3
}
